
Microsoft Visual Studio Solution File, Format Version 12.00
# Visual Studio 15
VisualStudioVersion = 15.0.26124.0
MinimumVisualStudioVersion = 15.0.26124.0
Project("{2150E333-8FDC-42A3-9474-1A3956D46DE8}") = "src", "src", "{C43D89F8-1CB0-4F0A-A7AF-C8BB728E1E98}"
EndProject
Project("{FAE04EC0-301F-11D3-BF4B-00C04F79EFBC}") = "PalTracker", "src\PalTracker\PalTracker.csproj", "{4B509084-D313-4D92-8C86-FF0B77812B2D}"
EndProject
Project("{2150E333-8FDC-42A3-9474-1A3956D46DE8}") = "test", "test", "{D6E4034E-0F66-447D-91EC-D375DB23379F}"
EndProject
Project("{FAE04EC0-301F-11D3-BF4B-00C04F79EFBC}") = "PalTrackerTests", "test\PalTrackerTests\PalTrackerTests.csproj", "{20FDFDEE-2AF5-4E1B-A0E8-6FED97D0DEC7}"
EndProject
Global
	GlobalSection(SolutionConfigurationPlatforms) = preSolution
		Debug|Any CPU = Debug|Any CPU
		Debug|x64 = Debug|x64
		Debug|x86 = Debug|x86
		Release|Any CPU = Release|Any CPU
		Release|x64 = Release|x64
		Release|x86 = Release|x86
	EndGlobalSection
	GlobalSection(SolutionProperties) = preSolution
		HideSolutionNode = FALSE
	EndGlobalSection
	GlobalSection(ProjectConfigurationPlatforms) = postSolution
		{4B509084-D313-4D92-8C86-FF0B77812B2D}.Debug|Any CPU.ActiveCfg = Debug|Any CPU
		{4B509084-D313-4D92-8C86-FF0B77812B2D}.Debug|Any CPU.Build.0 = Debug|Any CPU
		{4B509084-D313-4D92-8C86-FF0B77812B2D}.Debug|x64.ActiveCfg = Debug|Any CPU
		{4B509084-D313-4D92-8C86-FF0B77812B2D}.Debug|x64.Build.0 = Debug|Any CPU
		{4B509084-D313-4D92-8C86-FF0B77812B2D}.Debug|x86.ActiveCfg = Debug|Any CPU
		{4B509084-D313-4D92-8C86-FF0B77812B2D}.Debug|x86.Build.0 = Debug|Any CPU
		{4B509084-D313-4D92-8C86-FF0B77812B2D}.Release|Any CPU.ActiveCfg = Release|Any CPU
		{4B509084-D313-4D92-8C86-FF0B77812B2D}.Release|Any CPU.Build.0 = Release|Any CPU
		{4B509084-D313-4D92-8C86-FF0B77812B2D}.Release|x64.ActiveCfg = Release|Any CPU
		{4B509084-D313-4D92-8C86-FF0B77812B2D}.Release|x64.Build.0 = Release|Any CPU
		{4B509084-D313-4D92-8C86-FF0B77812B2D}.Release|x86.ActiveCfg = Release|Any CPU
		{4B509084-D313-4D92-8C86-FF0B77812B2D}.Release|x86.Build.0 = Release|Any CPU
		{20FDFDEE-2AF5-4E1B-A0E8-6FED97D0DEC7}.Debug|Any CPU.ActiveCfg = Debug|Any CPU
		{20FDFDEE-2AF5-4E1B-A0E8-6FED97D0DEC7}.Debug|Any CPU.Build.0 = Debug|Any CPU
		{20FDFDEE-2AF5-4E1B-A0E8-6FED97D0DEC7}.Debug|x64.ActiveCfg = Debug|Any CPU
		{20FDFDEE-2AF5-4E1B-A0E8-6FED97D0DEC7}.Debug|x64.Build.0 = Debug|Any CPU
		{20FDFDEE-2AF5-4E1B-A0E8-6FED97D0DEC7}.Debug|x86.ActiveCfg = Debug|Any CPU
		{20FDFDEE-2AF5-4E1B-A0E8-6FED97D0DEC7}.Debug|x86.Build.0 = Debug|Any CPU
		{20FDFDEE-2AF5-4E1B-A0E8-6FED97D0DEC7}.Release|Any CPU.ActiveCfg = Release|Any CPU
		{20FDFDEE-2AF5-4E1B-A0E8-6FED97D0DEC7}.Release|Any CPU.Build.0 = Release|Any CPU
		{20FDFDEE-2AF5-4E1B-A0E8-6FED97D0DEC7}.Release|x64.ActiveCfg = Release|Any CPU
		{20FDFDEE-2AF5-4E1B-A0E8-6FED97D0DEC7}.Release|x64.Build.0 = Release|Any CPU
		{20FDFDEE-2AF5-4E1B-A0E8-6FED97D0DEC7}.Release|x86.ActiveCfg = Release|Any CPU
		{20FDFDEE-2AF5-4E1B-A0E8-6FED97D0DEC7}.Release|x86.Build.0 = Release|Any CPU
	EndGlobalSection
	GlobalSection(NestedProjects) = preSolution
		{4B509084-D313-4D92-8C86-FF0B77812B2D} = {C43D89F8-1CB0-4F0A-A7AF-C8BB728E1E98}
		{20FDFDEE-2AF5-4E1B-A0E8-6FED97D0DEC7} = {D6E4034E-0F66-447D-91EC-D375DB23379F}
	EndGlobalSection
EndGlobal
